
Microsoft Visual Studio Solution File, Format Version 12.00
# Visual Studio Version 16
VisualStudioVersion = 16.0.31424.327
MinimumVisualStudioVersion = 10.0.40219.1
Project("{2150E333-8FDC-42A3-9474-1A3956D46DE8}") = "src", "src", "{F3937ABC-8229-48B7-9CCD-E53769FB6EB6}"
EndProject
Project("{2150E333-8FDC-42A3-9474-1A3956D46DE8}") = "Building Blocks", "Building Blocks", "{429AF12E-05E4-4C09-8D3B-A116D8B6ADBC}"
EndProject
Project("{2150E333-8FDC-42A3-9474-1A3956D46DE8}") = "Services", "Services", "{C1739A52-5AC5-4AB5-A47E-0B7AD74C0F53}"
EndProject
Project("{2150E333-8FDC-42A3-9474-1A3956D46DE8}") = "Web", "Web", "{BB9B5288-BB59-46DB-AF99-0A6B070D2FDE}"
EndProject
Project("{2150E333-8FDC-42A3-9474-1A3956D46DE8}") = "Identidade", "Identidade", "{56D7AA70-2B26-4AFE-A54F-79E0FBC4964D}"
EndProject
Project("{FAE04EC0-301F-11D3-BF4B-00C04F79EFBC}") = "NSE.Identidade.API", "src\services\NSE.Identidade.API\NSE.Identidade.API.csproj", "{A5691A73-8E83-472A-8273-4A5FB25B9CB5}"
EndProject
Project("{2150E333-8FDC-42A3-9474-1A3956D46DE8}") = "MVC", "MVC", "{0FD770F0-F513-4335-93B7-2476F0DE09D6}"
EndProject
Project("{FAE04EC0-301F-11D3-BF4B-00C04F79EFBC}") = "NSE.WebApp.MVC", "src\web\NSE.WebApp.MVC\NSE.WebApp.MVC.csproj", "{76ECFC66-6F3B-4F2E-ACC4-21AB4DD02FCA}"
EndProject
Project("{2150E333-8FDC-42A3-9474-1A3956D46DE8}") = "Core", "Core", "{3315D48A-ACCD-4E4A-8F41-321F1822F545}"
EndProject
Project("{FAE04EC0-301F-11D3-BF4B-00C04F79EFBC}") = "NSE.Core", "src\building blocks\NSE.Core\NSE.Core.csproj", "{C1AC2EB3-2D08-41CB-AA5E-88B6C9E4D797}"
EndProject
Project("{2150E333-8FDC-42A3-9474-1A3956D46DE8}") = "Carrinho", "Carrinho", "{F3F265ED-0784-401E-903B-C5051F375269}"
EndProject
Project("{2150E333-8FDC-42A3-9474-1A3956D46DE8}") = "Catalogo", "Catalogo", "{38093AA8-006F-4BB2-9F1E-CC915B21D3B4}"
EndProject
Project("{2150E333-8FDC-42A3-9474-1A3956D46DE8}") = "Cliente", "Cliente", "{34062311-6613-4705-8103-445550CDCF4E}"
EndProject
Project("{2150E333-8FDC-42A3-9474-1A3956D46DE8}") = "Pagamento", "Pagamento", "{0CE68E57-00FF-4ED1-9696-A651A83BE970}"
EndProject
Project("{2150E333-8FDC-42A3-9474-1A3956D46DE8}") = "Pedido", "Pedido", "{8DCFD0BC-B58D-4479-92BB-EE9303DEC583}"
EndProject
Project("{FAE04EC0-301F-11D3-BF4B-00C04F79EFBC}") = "NSE.Carrinho.API", "src\services\NSE.Carrinho.API\NSE.Carrinho.API.csproj", "{C9290834-A57E-4D12-B6AD-E4DFFB225EF4}"
EndProject
Project("{FAE04EC0-301F-11D3-BF4B-00C04F79EFBC}") = "NSE.Catalogo.API", "src\services\NSE.Catalogo.API\NSE.Catalogo.API.csproj", "{78D9334B-EED0-418A-B0B1-31CE941DE66A}"
EndProject
Project("{FAE04EC0-301F-11D3-BF4B-00C04F79EFBC}") = "NSE.Cliente.API", "src\services\NSE.Cliente.API\NSE.Cliente.API.csproj", "{3EC2E516-8140-4CD7-AAAD-D93D1EDC5369}"
EndProject
Project("{FAE04EC0-301F-11D3-BF4B-00C04F79EFBC}") = "NSE.Pagamento.API", "src\services\NSE.Pagamento.API\NSE.Pagamento.API.csproj", "{C13BB216-6854-464B-93D7-AB691FD31D43}"
EndProject
Project("{FAE04EC0-301F-11D3-BF4B-00C04F79EFBC}") = "NSE.Pedido.API", "src\services\NSE.Pedido.API\NSE.Pedido.API.csproj", "{E0791D0A-3777-478F-9AF9-6A4A67C0B2EA}"
EndProject
Global
	GlobalSection(SolutionConfigurationPlatforms) = preSolution
		Debug|Any CPU = Debug|Any CPU
		Release|Any CPU = Release|Any CPU
	EndGlobalSection
	GlobalSection(ProjectConfigurationPlatforms) = postSolution
		{A5691A73-8E83-472A-8273-4A5FB25B9CB5}.Debug|Any CPU.ActiveCfg = Debug|Any CPU
		{A5691A73-8E83-472A-8273-4A5FB25B9CB5}.Debug|Any CPU.Build.0 = Debug|Any CPU
		{A5691A73-8E83-472A-8273-4A5FB25B9CB5}.Release|Any CPU.ActiveCfg = Release|Any CPU
		{A5691A73-8E83-472A-8273-4A5FB25B9CB5}.Release|Any CPU.Build.0 = Release|Any CPU
		{76ECFC66-6F3B-4F2E-ACC4-21AB4DD02FCA}.Debug|Any CPU.ActiveCfg = Debug|Any CPU
		{76ECFC66-6F3B-4F2E-ACC4-21AB4DD02FCA}.Debug|Any CPU.Build.0 = Debug|Any CPU
		{76ECFC66-6F3B-4F2E-ACC4-21AB4DD02FCA}.Release|Any CPU.ActiveCfg = Release|Any CPU
		{76ECFC66-6F3B-4F2E-ACC4-21AB4DD02FCA}.Release|Any CPU.Build.0 = Release|Any CPU
		{C1AC2EB3-2D08-41CB-AA5E-88B6C9E4D797}.Debug|Any CPU.ActiveCfg = Debug|Any CPU
		{C1AC2EB3-2D08-41CB-AA5E-88B6C9E4D797}.Debug|Any CPU.Build.0 = Debug|Any CPU
		{C1AC2EB3-2D08-41CB-AA5E-88B6C9E4D797}.Release|Any CPU.ActiveCfg = Release|Any CPU
		{C1AC2EB3-2D08-41CB-AA5E-88B6C9E4D797}.Release|Any CPU.Build.0 = Release|Any CPU
		{C9290834-A57E-4D12-B6AD-E4DFFB225EF4}.Debug|Any CPU.ActiveCfg = Debug|Any CPU
		{C9290834-A57E-4D12-B6AD-E4DFFB225EF4}.Debug|Any CPU.Build.0 = Debug|Any CPU
		{C9290834-A57E-4D12-B6AD-E4DFFB225EF4}.Release|Any CPU.ActiveCfg = Release|Any CPU
		{C9290834-A57E-4D12-B6AD-E4DFFB225EF4}.Release|Any CPU.Build.0 = Release|Any CPU
		{78D9334B-EED0-418A-B0B1-31CE941DE66A}.Debug|Any CPU.ActiveCfg = Debug|Any CPU
		{78D9334B-EED0-418A-B0B1-31CE941DE66A}.Debug|Any CPU.Build.0 = Debug|Any CPU
		{78D9334B-EED0-418A-B0B1-31CE941DE66A}.Release|Any CPU.ActiveCfg = Release|Any CPU
		{78D9334B-EED0-418A-B0B1-31CE941DE66A}.Release|Any CPU.Build.0 = Release|Any CPU
		{3EC2E516-8140-4CD7-AAAD-D93D1EDC5369}.Debug|Any CPU.ActiveCfg = Debug|Any CPU
		{3EC2E516-8140-4CD7-AAAD-D93D1EDC5369}.Debug|Any CPU.Build.0 = Debug|Any CPU
		{3EC2E516-8140-4CD7-AAAD-D93D1EDC5369}.Release|Any CPU.ActiveCfg = Release|Any CPU
		{3EC2E516-8140-4CD7-AAAD-D93D1EDC5369}.Release|Any CPU.Build.0 = Release|Any CPU
		{C13BB216-6854-464B-93D7-AB691FD31D43}.Debug|Any CPU.ActiveCfg = Debug|Any CPU
		{C13BB216-6854-464B-93D7-AB691FD31D43}.Debug|Any CPU.Build.0 = Debug|Any CPU
		{C13BB216-6854-464B-93D7-AB691FD31D43}.Release|Any CPU.ActiveCfg = Release|Any CPU
		{C13BB216-6854-464B-93D7-AB691FD31D43}.Release|Any CPU.Build.0 = Release|Any CPU
		{E0791D0A-3777-478F-9AF9-6A4A67C0B2EA}.Debug|Any CPU.ActiveCfg = Debug|Any CPU
		{E0791D0A-3777-478F-9AF9-6A4A67C0B2EA}.Debug|Any CPU.Build.0 = Debug|Any CPU
		{E0791D0A-3777-478F-9AF9-6A4A67C0B2EA}.Release|Any CPU.ActiveCfg = Release|Any CPU
		{E0791D0A-3777-478F-9AF9-6A4A67C0B2EA}.Release|Any CPU.Build.0 = Release|Any CPU
	EndGlobalSection
	GlobalSection(SolutionProperties) = preSolution
		HideSolutionNode = FALSE
	EndGlobalSection
	GlobalSection(NestedProjects) = preSolution
		{429AF12E-05E4-4C09-8D3B-A116D8B6ADBC} = {F3937ABC-8229-48B7-9CCD-E53769FB6EB6}
		{C1739A52-5AC5-4AB5-A47E-0B7AD74C0F53} = {F3937ABC-8229-48B7-9CCD-E53769FB6EB6}
		{BB9B5288-BB59-46DB-AF99-0A6B070D2FDE} = {F3937ABC-8229-48B7-9CCD-E53769FB6EB6}
		{56D7AA70-2B26-4AFE-A54F-79E0FBC4964D} = {C1739A52-5AC5-4AB5-A47E-0B7AD74C0F53}
		{A5691A73-8E83-472A-8273-4A5FB25B9CB5} = {56D7AA70-2B26-4AFE-A54F-79E0FBC4964D}
		{0FD770F0-F513-4335-93B7-2476F0DE09D6} = {BB9B5288-BB59-46DB-AF99-0A6B070D2FDE}
		{76ECFC66-6F3B-4F2E-ACC4-21AB4DD02FCA} = {0FD770F0-F513-4335-93B7-2476F0DE09D6}
		{3315D48A-ACCD-4E4A-8F41-321F1822F545} = {429AF12E-05E4-4C09-8D3B-A116D8B6ADBC}
		{C1AC2EB3-2D08-41CB-AA5E-88B6C9E4D797} = {3315D48A-ACCD-4E4A-8F41-321F1822F545}
		{F3F265ED-0784-401E-903B-C5051F375269} = {C1739A52-5AC5-4AB5-A47E-0B7AD74C0F53}
		{38093AA8-006F-4BB2-9F1E-CC915B21D3B4} = {C1739A52-5AC5-4AB5-A47E-0B7AD74C0F53}
		{34062311-6613-4705-8103-445550CDCF4E} = {C1739A52-5AC5-4AB5-A47E-0B7AD74C0F53}
		{0CE68E57-00FF-4ED1-9696-A651A83BE970} = {C1739A52-5AC5-4AB5-A47E-0B7AD74C0F53}
		{8DCFD0BC-B58D-4479-92BB-EE9303DEC583} = {C1739A52-5AC5-4AB5-A47E-0B7AD74C0F53}
		{C9290834-A57E-4D12-B6AD-E4DFFB225EF4} = {F3F265ED-0784-401E-903B-C5051F375269}
		{78D9334B-EED0-418A-B0B1-31CE941DE66A} = {38093AA8-006F-4BB2-9F1E-CC915B21D3B4}
		{3EC2E516-8140-4CD7-AAAD-D93D1EDC5369} = {34062311-6613-4705-8103-445550CDCF4E}
		{C13BB216-6854-464B-93D7-AB691FD31D43} = {0CE68E57-00FF-4ED1-9696-A651A83BE970}
		{E0791D0A-3777-478F-9AF9-6A4A67C0B2EA} = {8DCFD0BC-B58D-4479-92BB-EE9303DEC583}
	EndGlobalSection
	GlobalSection(ExtensibilityGlobals) = postSolution
		SolutionGuid = {C7885396-21A0-4065-9B93-84611505B382}
	EndGlobalSection
EndGlobal
